<?php

# Microframework Axis

# Time start
$start_time = microtime(true);

# Domain
define('BASE', 		'/');
define('DOMAIN',	'mfwks.com'); # [config]
define('SITE', 		'https://' . DOMAIN);

# Application Directories
define('WEB',		__DIR__ . '/');
define('APP', 		WEB . 'app/');
define('ASSETS',	WEB . 'assets/');
define('APIS',		APP	. 'apis/');
define('CRONS',		APP	. 'crons/');
define('COMMANDS',	APP	. 'cmds/');
define('FUNCTIONS',	APP	. 'functions/');
define('INFRA',		APP . 'infra/');
define('DATA', 		INFRA . 'data/');
define('LIBS',		APP	. 'libs/');
define('PACKS',		APP	. 'packs/');
define('STREAMS',	APP . 'streams/');
define('TMP', 		APP . 'tmp/');
define('VIEWS',		APP . 'views/');
define('WEBHOOKS',	APP . 'webhooks/');
